<?xml version="1.0" encoding="utf-8"?>
<Project ToolsVersion="4.0" xmlns="http://schemas.microsoft.com/developer/msbuild/2003">
  <ItemGroup>
    <Filter Include="리소스 파일">
      <UniqueIdentifier>{67DA6AB6-F800-4c08-8B7A-83BB121AAD01}</UniqueIdentifier>
      <Extensions>rc;ico;cur;bmp;dlg;rc2;rct;bin;rgs;gif;jpg;jpeg;jpe;resx;tiff;tif;png;wav;mfcribbon-ms</Extensions>
    </Filter>
    <Filter Include="Engine">
      <UniqueIdentifier>{e7a6ead6-6855-4d81-8ad8-fdbb540080f2}</UniqueIdentifier>
    </Filter>
    <Filter Include="Default">
      <UniqueIdentifier>{7df57b71-bd5d-432c-8898-859ac3f95660}</UniqueIdentifier>
    </Filter>
    <Filter Include="Engine\01. Header">
      <UniqueIdentifier>{3ef2fa7f-6639-43d3-a37f-8a292336fc54}</UniqueIdentifier>
    </Filter>
    <Filter Include="Engine\03. Game Manager">
      <UniqueIdentifier>{85eba541-c7b3-48da-b768-4e57223929ed}</UniqueIdentifier>
    </Filter>
    <Filter Include="Engine\02. Game Core">
      <UniqueIdentifier>{3eba19b9-794e-4afc-9d25-81b25e4a64bb}</UniqueIdentifier>
    </Filter>
    <Filter Include="Engine\04. Game Object">
      <UniqueIdentifier>{ef91879d-f291-4daf-8bf0-f32a11b13f61}</UniqueIdentifier>
    </Filter>
    <Filter Include="Engine\04. Game Object\01. Player">
      <UniqueIdentifier>{3aeddf97-577d-4718-b781-42002c398bfa}</UniqueIdentifier>
    </Filter>
    <Filter Include="Engine\04. Game Object\03. Projectile">
      <UniqueIdentifier>{1a8f4487-5293-4aaf-b0a2-00995c4ad341}</UniqueIdentifier>
    </Filter>
    <Filter Include="Engine\04. Game Object\03. Projectile\01. Bullet">
      <UniqueIdentifier>{993753d5-1fc3-4660-af8e-2277f913d529}</UniqueIdentifier>
    </Filter>
    <Filter Include="Engine\04. Game Object\03. Projectile\02. Missile">
      <UniqueIdentifier>{55970d18-cac1-4ea4-9776-dd41ca8961c2}</UniqueIdentifier>
    </Filter>
    <Filter Include="Engine\04. Game Object\02. Monster">
      <UniqueIdentifier>{26dac3f6-2685-47c0-80ce-6765cef46e1a}</UniqueIdentifier>
    </Filter>
    <Filter Include="Engine\05. Game Scene">
      <UniqueIdentifier>{21edaf92-3772-4f71-8af4-8d9a4fa6b0e8}</UniqueIdentifier>
    </Filter>
    <Filter Include="Engine\06. Game Resource">
      <UniqueIdentifier>{8f4fcc79-4271-4f9c-89bc-0eb286375700}</UniqueIdentifier>
    </Filter>
    <Filter Include="Engine\06. Game Resource\01. Texture">
      <UniqueIdentifier>{b28c121c-5196-4b3d-89fc-4adb82eb149f}</UniqueIdentifier>
    </Filter>
    <Filter Include="Engine\06. Game Resource\02. Sound">
      <UniqueIdentifier>{94d731e8-a711-4dfa-a566-bf4df04baad8}</UniqueIdentifier>
    </Filter>
    <Filter Include="Engine\07. Game Component">
      <UniqueIdentifier>{958c8084-14aa-464b-978e-11f33a14517e}</UniqueIdentifier>
    </Filter>
    <Filter Include="Engine\04. Game Object\02. Monster\Mouse">
      <UniqueIdentifier>{3b6a6641-d4e7-45fd-b34d-fbce91897392}</UniqueIdentifier>
    </Filter>
    <Filter Include="Engine\04. Game Object\02. Monster\Spider">
      <UniqueIdentifier>{c8a2e22c-2448-443a-9a60-76912cd5f87a}</UniqueIdentifier>
    </Filter>
    <Filter Include="Engine\04. Game Object\03. Projectile\03. Web">
      <UniqueIdentifier>{9655f2c0-64ab-4faf-9b54-b95e7318712c}</UniqueIdentifier>
    </Filter>
    <Filter Include="Engine\07. Game Component\Animator">
      <UniqueIdentifier>{c124d135-d30c-4417-84a3-4c73019e9222}</UniqueIdentifier>
    </Filter>
    <Filter Include="Engine\07. Game Component\Animator\Animation">
      <UniqueIdentifier>{0dd4f7f9-0ab8-46e0-aecb-0071d992f1dc}</UniqueIdentifier>
    </Filter>
  </ItemGroup>
  <ItemGroup>
    <ClInclude Include="framework.h">
      <Filter>Default</Filter>
    </ClInclude>
    <ClInclude Include="Resource.h">
      <Filter>Default</Filter>
    </ClInclude>
    <ClInclude Include="targetver.h">
      <Filter>Default</Filter>
    </ClInclude>
    <ClInclude Include="WinMain.h">
      <Filter>Default</Filter>
    </ClInclude>
    <ClInclude Include="define.h">
      <Filter>Engine\01. Header</Filter>
    </ClInclude>
    <ClInclude Include="KeyManager.h">
      <Filter>Engine\03. Game Manager</Filter>
    </ClInclude>
    <ClInclude Include="GameCore.h">
      <Filter>Engine\02. Game Core</Filter>
    </ClInclude>
    <ClInclude Include="pch.h">
      <Filter>Engine\01. Header</Filter>
    </ClInclude>
    <ClInclude Include="GameObject.h">
      <Filter>Engine\04. Game Object</Filter>
    </ClInclude>
    <ClInclude Include="struct.h">
      <Filter>Engine\01. Header</Filter>
    </ClInclude>
    <ClInclude Include="TimeManager.h">
      <Filter>Engine\03. Game Manager</Filter>
    </ClInclude>
    <ClInclude Include="SceneManager.h">
      <Filter>Engine\03. Game Manager</Filter>
    </ClInclude>
    <ClInclude Include="GameScene.h">
      <Filter>Engine\05. Game Scene</Filter>
    </ClInclude>
    <ClInclude Include="Player.h">
      <Filter>Engine\04. Game Object\01. Player</Filter>
    </ClInclude>
    <ClInclude Include="Monster.h">
      <Filter>Engine\04. Game Object\02. Monster</Filter>
    </ClInclude>
    <ClInclude Include="Projectile.h">
      <Filter>Engine\04. Game Object\03. Projectile</Filter>
    </ClInclude>
    <ClInclude Include="Bullet.h">
      <Filter>Engine\04. Game Object\03. Projectile\01. Bullet</Filter>
    </ClInclude>
    <ClInclude Include="Missile.h">
      <Filter>Engine\04. Game Object\03. Projectile\02. Missile</Filter>
    </ClInclude>
    <ClInclude Include="GameResource.h">
      <Filter>Engine\06. Game Resource</Filter>
    </ClInclude>
    <ClInclude Include="Texture.h">
      <Filter>Engine\06. Game Resource\01. Texture</Filter>
    </ClInclude>
    <ClInclude Include="Sound.h">
      <Filter>Engine\06. Game Resource\02. Sound</Filter>
    </ClInclude>
    <ClInclude Include="PathManager.h">
      <Filter>Engine\03. Game Manager</Filter>
    </ClInclude>
    <ClInclude Include="ResourceManager.h">
      <Filter>Engine\03. Game Manager</Filter>
    </ClInclude>
    <ClInclude Include="Collider.h">
      <Filter>Engine\07. Game Component</Filter>
    </ClInclude>
    <ClInclude Include="CollisionManager.h">
      <Filter>Engine\03. Game Manager</Filter>
    </ClInclude>
    <ClInclude Include="EventManager.h">
      <Filter>Engine\03. Game Manager</Filter>
    </ClInclude>
    <ClInclude Include="GameFunction.h">
      <Filter>Engine\01. Header</Filter>
    </ClInclude>
    <ClInclude Include="SceneTool.h">
      <Filter>Engine\05. Game Scene</Filter>
    </ClInclude>
    <ClInclude Include="SceneStage01.h">
      <Filter>Engine\05. Game Scene</Filter>
    </ClInclude>
    <ClInclude Include="SceneStart.h">
      <Filter>Engine\05. Game Scene</Filter>
    </ClInclude>
    <ClInclude Include="MonsterMouse.h">
      <Filter>Engine\04. Game Object\02. Monster\Mouse</Filter>
    </ClInclude>
    <ClInclude Include="MonsterSpider.h">
      <Filter>Engine\04. Game Object\02. Monster\Spider</Filter>
    </ClInclude>
    <ClInclude Include="Web.h">
      <Filter>Engine\04. Game Object\03. Projectile\03. Web</Filter>
    </ClInclude>
    <ClInclude Include="GameTimer.h">
      <Filter>Engine\07. Game Component</Filter>
    </ClInclude>
    <ClInclude Include="Animator.h">
      <Filter>Engine\07. Game Component\Animator</Filter>
    </ClInclude>
    <ClInclude Include="Animation.h">
      <Filter>Engine\07. Game Component\Animator\Animation</Filter>
    </ClInclude>
  </ItemGroup>
  <ItemGroup>
    <ClCompile Include="KeyManager.cpp">
      <Filter>Engine\03. Game Manager</Filter>
    </ClCompile>
    <ClCompile Include="GameCore.cpp">
      <Filter>Engine\02. Game Core</Filter>
    </ClCompile>
    <ClCompile Include="GameObject.cpp">
      <Filter>Engine\04. Game Object</Filter>
    </ClCompile>
    <ClCompile Include="TimeManager.cpp">
      <Filter>Engine\03. Game Manager</Filter>
    </ClCompile>
    <ClCompile Include="SceneManager.cpp">
      <Filter>Engine\03. Game Manager</Filter>
    </ClCompile>
    <ClCompile Include="GameScene.cpp">
      <Filter>Engine\05. Game Scene</Filter>
    </ClCompile>
    <ClCompile Include="WinMain.cpp">
      <Filter>Engine</Filter>
    </ClCompile>
    <ClCompile Include="Player.cpp">
      <Filter>Engine\04. Game Object\01. Player</Filter>
    </ClCompile>
    <ClCompile Include="Monster.cpp">
      <Filter>Engine\04. Game Object\02. Monster</Filter>
    </ClCompile>
    <ClCompile Include="Projectile.cpp">
      <Filter>Engine\04. Game Object\03. Projectile</Filter>
    </ClCompile>
    <ClCompile Include="Bullet.cpp">
      <Filter>Engine\04. Game Object\03. Projectile\01. Bullet</Filter>
    </ClCompile>
    <ClCompile Include="Missile.cpp">
      <Filter>Engine\04. Game Object\03. Projectile\02. Missile</Filter>
    </ClCompile>
    <ClCompile Include="Texture.cpp">
      <Filter>Engine\06. Game Resource\01. Texture</Filter>
    </ClCompile>
    <ClCompile Include="Sound.cpp">
      <Filter>Engine\06. Game Resource\02. Sound</Filter>
    </ClCompile>
    <ClCompile Include="PathManager.cpp">
      <Filter>Engine\03. Game Manager</Filter>
    </ClCompile>
    <ClCompile Include="GameResource.cpp">
      <Filter>Engine\06. Game Resource</Filter>
    </ClCompile>
    <ClCompile Include="ResourceManager.cpp">
      <Filter>Engine\03. Game Manager</Filter>
    </ClCompile>
    <ClCompile Include="Collider.cpp">
      <Filter>Engine\07. Game Component</Filter>
    </ClCompile>
    <ClCompile Include="CollisionManager.cpp">
      <Filter>Engine\03. Game Manager</Filter>
    </ClCompile>
    <ClCompile Include="EventManager.cpp">
      <Filter>Engine\03. Game Manager</Filter>
    </ClCompile>
    <ClCompile Include="GameFunction.cpp">
      <Filter>Engine\01. Header</Filter>
    </ClCompile>
    <ClCompile Include="SceneTool.cpp">
      <Filter>Engine\05. Game Scene</Filter>
    </ClCompile>
    <ClCompile Include="SceneStage01.cpp">
      <Filter>Engine\05. Game Scene</Filter>
    </ClCompile>
    <ClCompile Include="SceneStart.cpp">
      <Filter>Engine\05. Game Scene</Filter>
    </ClCompile>
    <ClCompile Include="MonsterMouse.cpp">
      <Filter>Engine\04. Game Object\02. Monster\Mouse</Filter>
    </ClCompile>
    <ClCompile Include="MonsterSpider.cpp">
      <Filter>Engine\04. Game Object\02. Monster\Spider</Filter>
    </ClCompile>
    <ClCompile Include="Web.cpp">
      <Filter>Engine\04. Game Object\03. Projectile\03. Web</Filter>
    </ClCompile>
    <ClCompile Include="GameTimer.cpp">
      <Filter>Engine\07. Game Component</Filter>
    </ClCompile>
    <ClCompile Include="Animator.cpp">
      <Filter>Engine\07. Game Component\Animator</Filter>
    </ClCompile>
    <ClCompile Include="Animation.cpp">
      <Filter>Engine\07. Game Component\Animator\Animation</Filter>
    </ClCompile>
  </ItemGroup>
  <ItemGroup>
    <ResourceCompile Include="WinMain.rc">
      <Filter>리소스 파일</Filter>
    </ResourceCompile>
  </ItemGroup>
  <ItemGroup>
    <Image Include="small.ico">
      <Filter>리소스 파일</Filter>
    </Image>
    <Image Include="WinMain.ico">
      <Filter>리소스 파일</Filter>
    </Image>
  </ItemGroup>
</Project>